// !$*UTF8*$!
{
	archiveVersion = 1;
	classes = {
	};
	objectVersion = 46;
	objects = {

/* Begin PBXBuildFile section */
		D4467D4315D43E2400E9148D /* UIKit.framework in Frameworks */ = {isa = PBXBuildFile; fileRef = D4467D4215D43E2400E9148D /* UIKit.framework */; };
		D4467D4515D43E2400E9148D /* Foundation.framework in Frameworks */ = {isa = PBXBuildFile; fileRef = D4467D4415D43E2400E9148D /* Foundation.framework */; };
		D4467D4715D43E2400E9148D /* CoreGraphics.framework in Frameworks */ = {isa = PBXBuildFile; fileRef = D4467D4615D43E2400E9148D /* CoreGraphics.framework */; };
		D4467D4915D43E2400E9148D /* GLKit.framework in Frameworks */ = {isa = PBXBuildFile; fileRef = D4467D4815D43E2400E9148D /* GLKit.framework */; };
		D4467D4B15D43E2400E9148D /* OpenGLES.framework in Frameworks */ = {isa = PBXBuildFile; fileRef = D4467D4A15D43E2400E9148D /* OpenGLES.framework */; };
		D4467D5115D43E2400E9148D /* InfoPlist.strings in Resources */ = {isa = PBXBuildFile; fileRef = D4467D4F15D43E2400E9148D /* InfoPlist.strings */; };
		D4467D5315D43E2400E9148D /* main.m in Sources */ = {isa = PBXBuildFile; fileRef = D4467D5215D43E2400E9148D /* main.m */; };
		D4467D5715D43E2400E9148D /* AppDelegate.m in Sources */ = {isa = PBXBuildFile; fileRef = D4467D5615D43E2400E9148D /* AppDelegate.m */; };
		D4467D5E15D43E2400E9148D /* ViewController.m in Sources */ = {isa = PBXBuildFile; fileRef = D4467D5D15D43E2400E9148D /* ViewController.m */; };
		D4467D6115D43E2400E9148D /* ViewController.xib in Resources */ = {isa = PBXBuildFile; fileRef = D4467D5F15D43E2400E9148D /* ViewController.xib */; };
		D4467D6A15D43F0900E9148D /* Game.m in Sources */ = {isa = PBXBuildFile; fileRef = D4467D6915D43F0900E9148D /* Game.m */; };
		D4467D6D15D4403600E9148D /* Sprite.m in Sources */ = {isa = PBXBuildFile; fileRef = D4467D6C15D4403600E9148D /* Sprite.m */; };
		D4467D7015D4406100E9148D /* Texture2.m in Sources */ = {isa = PBXBuildFile; fileRef = D4467D6F15D4406100E9148D /* Texture2.m */; };
		D4467D7615D4659D00E9148D /* Spritebatch.m in Sources */ = {isa = PBXBuildFile; fileRef = D4467D7515D4659D00E9148D /* Spritebatch.m */; };
		D4467D7A15D4897600E9148D /* glider.png in Resources */ = {isa = PBXBuildFile; fileRef = D4467D7915D4897600E9148D /* glider.png */; };
		D47FF5D115D55207005B3445 /* Shader.m in Sources */ = {isa = PBXBuildFile; fileRef = D47FF5D015D55207005B3445 /* Shader.m */; };
		D47FF5D915D55B69005B3445 /* PositionColorVert.glsl in Sources */ = {isa = PBXBuildFile; fileRef = D47FF5D815D55B69005B3445 /* PositionColorVert.glsl */; };
		D47FF5DB15D55BDE005B3445 /* PositionColorFrag.glsl in Sources */ = {isa = PBXBuildFile; fileRef = D47FF5DA15D55BDE005B3445 /* PositionColorFrag.glsl */; };
		D47FF5DC15D55E46005B3445 /* PositionColorVert.glsl in Resources */ = {isa = PBXBuildFile; fileRef = D47FF5D815D55B69005B3445 /* PositionColorVert.glsl */; };
		D47FF5DD15D55E4F005B3445 /* PositionColorFrag.glsl in Resources */ = {isa = PBXBuildFile; fileRef = D47FF5DA15D55BDE005B3445 /* PositionColorFrag.glsl */; };
/* End PBXBuildFile section */

/* Begin PBXFileReference section */
		D4467D3E15D43E2400E9148D /* imle.app */ = {isa = PBXFileReference; explicitFileType = wrapper.application; includeInIndex = 0; path = imle.app; sourceTree = BUILT_PRODUCTS_DIR; };
		D4467D4215D43E2400E9148D /* UIKit.framework */ = {isa = PBXFileReference; lastKnownFileType = wrapper.framework; name = UIKit.framework; path = System/Library/Frameworks/UIKit.framework; sourceTree = SDKROOT; };
		D4467D4415D43E2400E9148D /* Foundation.framework */ = {isa = PBXFileReference; lastKnownFileType = wrapper.framework; name = Foundation.framework; path = System/Library/Frameworks/Foundation.framework; sourceTree = SDKROOT; };
		D4467D4615D43E2400E9148D /* CoreGraphics.framework */ = {isa = PBXFileReference; lastKnownFileType = wrapper.framework; name = CoreGraphics.framework; path = System/Library/Frameworks/CoreGraphics.framework; sourceTree = SDKROOT; };
		D4467D4815D43E2400E9148D /* GLKit.framework */ = {isa = PBXFileReference; lastKnownFileType = wrapper.framework; name = GLKit.framework; path = System/Library/Frameworks/GLKit.framework; sourceTree = SDKROOT; };
		D4467D4A15D43E2400E9148D /* OpenGLES.framework */ = {isa = PBXFileReference; lastKnownFileType = wrapper.framework; name = OpenGLES.framework; path = System/Library/Frameworks/OpenGLES.framework; sourceTree = SDKROOT; };
		D4467D4E15D43E2400E9148D /* imle-Info.plist */ = {isa = PBXFileReference; lastKnownFileType = text.plist.xml; path = "imle-Info.plist"; sourceTree = "<group>"; };
		D4467D5015D43E2400E9148D /* en */ = {isa = PBXFileReference; lastKnownFileType = text.plist.strings; name = en; path = en.lproj/InfoPlist.strings; sourceTree = "<group>"; };
		D4467D5215D43E2400E9148D /* main.m */ = {isa = PBXFileReference; lastKnownFileType = sourcecode.c.objc; path = main.m; sourceTree = "<group>"; };
		D4467D5415D43E2400E9148D /* imle-Prefix.pch */ = {isa = PBXFileReference; lastKnownFileType = sourcecode.c.h; path = "imle-Prefix.pch"; sourceTree = "<group>"; };
		D4467D5515D43E2400E9148D /* AppDelegate.h */ = {isa = PBXFileReference; lastKnownFileType = sourcecode.c.h; path = AppDelegate.h; sourceTree = "<group>"; };
		D4467D5615D43E2400E9148D /* AppDelegate.m */ = {isa = PBXFileReference; lastKnownFileType = sourcecode.c.objc; path = AppDelegate.m; sourceTree = "<group>"; };
		D4467D5C15D43E2400E9148D /* ViewController.h */ = {isa = PBXFileReference; lastKnownFileType = sourcecode.c.h; path = ViewController.h; sourceTree = "<group>"; };
		D4467D5D15D43E2400E9148D /* ViewController.m */ = {isa = PBXFileReference; lastKnownFileType = sourcecode.c.objc; path = ViewController.m; sourceTree = "<group>"; };
		D4467D6015D43E2400E9148D /* en */ = {isa = PBXFileReference; lastKnownFileType = file.xib; name = en; path = en.lproj/ViewController.xib; sourceTree = "<group>"; };
		D4467D6815D43F0900E9148D /* Game.h */ = {isa = PBXFileReference; fileEncoding = 4; lastKnownFileType = sourcecode.c.h; name = Game.h; path = src/Game.h; sourceTree = "<group>"; };
		D4467D6915D43F0900E9148D /* Game.m */ = {isa = PBXFileReference; fileEncoding = 4; lastKnownFileType = sourcecode.c.objc; name = Game.m; path = src/Game.m; sourceTree = "<group>"; };
		D4467D6B15D4403600E9148D /* Sprite.h */ = {isa = PBXFileReference; fileEncoding = 4; lastKnownFileType = sourcecode.c.h; name = Sprite.h; path = src/Sprite.h; sourceTree = "<group>"; };
		D4467D6C15D4403600E9148D /* Sprite.m */ = {isa = PBXFileReference; fileEncoding = 4; lastKnownFileType = sourcecode.c.objc; name = Sprite.m; path = src/Sprite.m; sourceTree = "<group>"; };
		D4467D6E15D4406100E9148D /* Texture2.h */ = {isa = PBXFileReference; fileEncoding = 4; lastKnownFileType = sourcecode.c.h; name = Texture2.h; path = src/Texture2.h; sourceTree = "<group>"; };
		D4467D6F15D4406100E9148D /* Texture2.m */ = {isa = PBXFileReference; fileEncoding = 4; lastKnownFileType = sourcecode.c.objc; name = Texture2.m; path = src/Texture2.m; sourceTree = "<group>"; };
		D4467D7415D4659C00E9148D /* Spritebatch.h */ = {isa = PBXFileReference; fileEncoding = 4; lastKnownFileType = sourcecode.c.h; name = Spritebatch.h; path = src/Spritebatch.h; sourceTree = "<group>"; };
		D4467D7515D4659D00E9148D /* Spritebatch.m */ = {isa = PBXFileReference; fileEncoding = 4; lastKnownFileType = sourcecode.c.objc; name = Spritebatch.m; path = src/Spritebatch.m; sourceTree = "<group>"; };
		D4467D7915D4897600E9148D /* glider.png */ = {isa = PBXFileReference; lastKnownFileType = image.png; path = glider.png; sourceTree = "<group>"; };
		D4467D7B15D48D9500E9148D /* Vertex.h */ = {isa = PBXFileReference; fileEncoding = 4; lastKnownFileType = sourcecode.c.h; name = Vertex.h; path = src/Vertex.h; sourceTree = "<group>"; };
		D47FF5CF15D55207005B3445 /* Shader.h */ = {isa = PBXFileReference; fileEncoding = 4; lastKnownFileType = sourcecode.c.h; name = Shader.h; path = src/Shader.h; sourceTree = "<group>"; };
		D47FF5D015D55207005B3445 /* Shader.m */ = {isa = PBXFileReference; fileEncoding = 4; lastKnownFileType = sourcecode.c.objc; name = Shader.m; path = src/Shader.m; sourceTree = "<group>"; };
		D47FF5D815D55B69005B3445 /* PositionColorVert.glsl */ = {isa = PBXFileReference; fileEncoding = 4; lastKnownFileType = text; path = PositionColorVert.glsl; sourceTree = "<group>"; };
		D47FF5DA15D55BDE005B3445 /* PositionColorFrag.glsl */ = {isa = PBXFileReference; fileEncoding = 4; lastKnownFileType = text; path = PositionColorFrag.glsl; sourceTree = "<group>"; };
/* End PBXFileReference section */

/* Begin PBXFrameworksBuildPhase section */
		D4467D3B15D43E2400E9148D /* Frameworks */ = {
			isa = PBXFrameworksBuildPhase;
			buildActionMask = 2147483647;
			files = (
				D4467D4315D43E2400E9148D /* UIKit.framework in Frameworks */,
				D4467D4515D43E2400E9148D /* Foundation.framework in Frameworks */,
				D4467D4715D43E2400E9148D /* CoreGraphics.framework in Frameworks */,
				D4467D4915D43E2400E9148D /* GLKit.framework in Frameworks */,
				D4467D4B15D43E2400E9148D /* OpenGLES.framework in Frameworks */,
			);
			runOnlyForDeploymentPostprocessing = 0;
		};
/* End PBXFrameworksBuildPhase section */

/* Begin PBXGroup section */
		D4467D3315D43E2400E9148D = {
			isa = PBXGroup;
			children = (
				D4467D4C15D43E2400E9148D /* imle */,
				D4467D4115D43E2400E9148D /* Frameworks */,
				D4467D3F15D43E2400E9148D /* Products */,
			);
			sourceTree = "<group>";
		};
		D4467D3F15D43E2400E9148D /* Products */ = {
			isa = PBXGroup;
			children = (
				D4467D3E15D43E2400E9148D /* imle.app */,
			);
			name = Products;
			sourceTree = "<group>";
		};
		D4467D4115D43E2400E9148D /* Frameworks */ = {
			isa = PBXGroup;
			children = (
				D4467D4215D43E2400E9148D /* UIKit.framework */,
				D4467D4415D43E2400E9148D /* Foundation.framework */,
				D4467D4615D43E2400E9148D /* CoreGraphics.framework */,
				D4467D4815D43E2400E9148D /* GLKit.framework */,
				D4467D4A15D43E2400E9148D /* OpenGLES.framework */,
			);
			name = Frameworks;
			sourceTree = "<group>";
		};
		D4467D4C15D43E2400E9148D /* imle */ = {
			isa = PBXGroup;
			children = (
				D4467D6715D43EA300E9148D /* src */,
				D4467D5515D43E2400E9148D /* AppDelegate.h */,
				D4467D5615D43E2400E9148D /* AppDelegate.m */,
				D4467D5C15D43E2400E9148D /* ViewController.h */,
				D4467D5D15D43E2400E9148D /* ViewController.m */,
				D4467D5F15D43E2400E9148D /* ViewController.xib */,
				D4467D4D15D43E2400E9148D /* Supporting Files */,
			);
			path = imle;
			sourceTree = "<group>";
		};
		D4467D4D15D43E2400E9148D /* Supporting Files */ = {
			isa = PBXGroup;
			children = (
				D47FF5D315D55B1B005B3445 /* Shaders */,
				D4467D7815D4897600E9148D /* Textures */,
				D4467D4E15D43E2400E9148D /* imle-Info.plist */,
				D4467D4F15D43E2400E9148D /* InfoPlist.strings */,
				D4467D5215D43E2400E9148D /* main.m */,
				D4467D5415D43E2400E9148D /* imle-Prefix.pch */,
			);
			name = "Supporting Files";
			sourceTree = "<group>";
		};
		D4467D6715D43EA300E9148D /* src */ = {
			isa = PBXGroup;
			children = (
				D4467D6815D43F0900E9148D /* Game.h */,
				D4467D6915D43F0900E9148D /* Game.m */,
				D4467D6B15D4403600E9148D /* Sprite.h */,
				D4467D6C15D4403600E9148D /* Sprite.m */,
				D4467D6E15D4406100E9148D /* Texture2.h */,
				D4467D6F15D4406100E9148D /* Texture2.m */,
				D4467D7415D4659C00E9148D /* Spritebatch.h */,
				D4467D7515D4659D00E9148D /* Spritebatch.m */,
				D4467D7B15D48D9500E9148D /* Vertex.h */,
				D47FF5CF15D55207005B3445 /* Shader.h */,
				D47FF5D015D55207005B3445 /* Shader.m */,
			);
			name = src;
			sourceTree = "<group>";
		};
		D4467D7815D4897600E9148D /* Textures */ = {
			isa = PBXGroup;
			children = (
				D4467D7915D4897600E9148D /* glider.png */,
			);
			path = Textures;
			sourceTree = "<group>";
		};
		D47FF5D315D55B1B005B3445 /* Shaders */ = {
			isa = PBXGroup;
			children = (
				D47FF5D815D55B69005B3445 /* PositionColorVert.glsl */,
				D47FF5DA15D55BDE005B3445 /* PositionColorFrag.glsl */,
			);
			path = Shaders;
			sourceTree = "<group>";
		};
/* End PBXGroup section */

/* Begin PBXNativeTarget section */
		D4467D3D15D43E2400E9148D /* imle */ = {
			isa = PBXNativeTarget;
			buildConfigurationList = D4467D6415D43E2400E9148D /* Build configuration list for PBXNativeTarget "imle" */;
			buildPhases = (
				D4467D3A15D43E2400E9148D /* Sources */,
				D4467D3B15D43E2400E9148D /* Frameworks */,
				D4467D3C15D43E2400E9148D /* Resources */,
			);
			buildRules = (
			);
			dependencies = (
			);
			name = imle;
			productName = imle;
			productReference = D4467D3E15D43E2400E9148D /* imle.app */;
			productType = "com.apple.product-type.application";
		};
/* End PBXNativeTarget section */

/* Begin PBXProject section */
		D4467D3515D43E2400E9148D /* Project object */ = {
			isa = PBXProject;
			attributes = {
				LastUpgradeCheck = 0420;
				ORGANIZATIONNAME = "Full Nelson Games";
			};
			buildConfigurationList = D4467D3815D43E2400E9148D /* Build configuration list for PBXProject "imle" */;
			compatibilityVersion = "Xcode 3.2";
			developmentRegion = English;
			hasScannedForEncodings = 0;
			knownRegions = (
				en,
			);
			mainGroup = D4467D3315D43E2400E9148D;
			productRefGroup = D4467D3F15D43E2400E9148D /* Products */;
			projectDirPath = "";
			projectRoot = "";
			targets = (
				D4467D3D15D43E2400E9148D /* imle */,
			);
		};
/* End PBXProject section */

/* Begin PBXResourcesBuildPhase section */
		D4467D3C15D43E2400E9148D /* Resources */ = {
			isa = PBXResourcesBuildPhase;
			buildActionMask = 2147483647;
			files = (
				D47FF5DD15D55E4F005B3445 /* PositionColorFrag.glsl in Resources */,
				D47FF5DC15D55E46005B3445 /* PositionColorVert.glsl in Resources */,
				D4467D5115D43E2400E9148D /* InfoPlist.strings in Resources */,
				D4467D6115D43E2400E9148D /* ViewController.xib in Resources */,
				D4467D7A15D4897600E9148D /* glider.png in Resources */,
			);
			runOnlyForDeploymentPostprocessing = 0;
		};
/* End PBXResourcesBuildPhase section */

/* Begin PBXSourcesBuildPhase section */
		D4467D3A15D43E2400E9148D /* Sources */ = {
			isa = PBXSourcesBuildPhase;
			buildActionMask = 2147483647;
			files = (
				D4467D5315D43E2400E9148D /* main.m in Sources */,
				D4467D5715D43E2400E9148D /* AppDelegate.m in Sources */,
				D4467D5E15D43E2400E9148D /* ViewController.m in Sources */,
				D4467D6A15D43F0900E9148D /* Game.m in Sources */,
				D4467D6D15D4403600E9148D /* Sprite.m in Sources */,
				D4467D7015D4406100E9148D /* Texture2.m in Sources */,
				D4467D7615D4659D00E9148D /* Spritebatch.m in Sources */,
				D47FF5D115D55207005B3445 /* Shader.m in Sources */,
				D47FF5D915D55B69005B3445 /* PositionColorVert.glsl in Sources */,
				D47FF5DB15D55BDE005B3445 /* PositionColorFrag.glsl in Sources */,
			);
			runOnlyForDeploymentPostprocessing = 0;
		};
/* End PBXSourcesBuildPhase section */

/* Begin PBXVariantGroup section */
		D4467D4F15D43E2400E9148D /* InfoPlist.strings */ = {
			isa = PBXVariantGroup;
			children = (
				D4467D5015D43E2400E9148D /* en */,
			);
			name = InfoPlist.strings;
			sourceTree = "<group>";
		};
		D4467D5F15D43E2400E9148D /* ViewController.xib */ = {
			isa = PBXVariantGroup;
			children = (
				D4467D6015D43E2400E9148D /* en */,
			);
			name = ViewController.xib;
			sourceTree = "<group>";
		};
/* End PBXVariantGroup section */

/* Begin XCBuildConfiguration section */
		D4467D6215D43E2400E9148D /* Debug */ = {
			isa = XCBuildConfiguration;
			buildSettings = {
				ALWAYS_SEARCH_USER_PATHS = NO;
				ARCHS = "$(ARCHS_STANDARD_32_BIT)";
				"CODE_SIGN_IDENTITY[sdk=iphoneos*]" = "iPhone Developer";
				COPY_PHASE_STRIP = NO;
				GCC_C_LANGUAGE_STANDARD = gnu99;
				GCC_DYNAMIC_NO_PIC = NO;
				GCC_OPTIMIZATION_LEVEL = 0;
				GCC_PREPROCESSOR_DEFINITIONS = (
					"DEBUG=1",
					"$(inherited)",
				);
				GCC_SYMBOLS_PRIVATE_EXTERN = NO;
				GCC_VERSION = com.apple.compilers.llvm.clang.1_0;
				GCC_WARN_ABOUT_MISSING_PROTOTYPES = YES;
				GCC_WARN_ABOUT_RETURN_TYPE = YES;
				GCC_WARN_UNUSED_VARIABLE = YES;
				IPHONEOS_DEPLOYMENT_TARGET = 5.0;
				SDKROOT = iphoneos;
				TARGETED_DEVICE_FAMILY = 2;
			};
			name = Debug;
		};
		D4467D6315D43E2400E9148D /* Release */ = {
			isa = XCBuildConfiguration;
			buildSettings = {
				ALWAYS_SEARCH_USER_PATHS = NO;
				ARCHS = "$(ARCHS_STANDARD_32_BIT)";
				"CODE_SIGN_IDENTITY[sdk=iphoneos*]" = "iPhone Developer";
				COPY_PHASE_STRIP = YES;
				GCC_C_LANGUAGE_STANDARD = gnu99;
				GCC_VERSION = com.apple.compilers.llvm.clang.1_0;
				GCC_WARN_ABOUT_MISSING_PROTOTYPES = YES;
				GCC_WARN_ABOUT_RETURN_TYPE = YES;
				GCC_WARN_UNUSED_VARIABLE = YES;
				IPHONEOS_DEPLOYMENT_TARGET = 5.0;
				OTHER_CFLAGS = "-DNS_BLOCK_ASSERTIONS=1";
				SDKROOT = iphoneos;
				TARGETED_DEVICE_FAMILY = 2;
				VALIDATE_PRODUCT = YES;
			};
			name = Release;
		};
		D4467D6515D43E2400E9148D /* Debug */ = {
			isa = XCBuildConfiguration;
			buildSettings = {
				GCC_PRECOMPILE_PREFIX_HEADER = YES;
				GCC_PREFIX_HEADER = "imle/imle-Prefix.pch";
				"GCC_THUMB_SUPPORT[arch=armv6]" = "";
				INFOPLIST_FILE = "imle/imle-Info.plist";
				PRODUCT_NAME = "$(TARGET_NAME)";
				WRAPPER_EXTENSION = app;
			};
			name = Debug;
		};
		D4467D6615D43E2400E9148D /* Release */ = {
			isa = XCBuildConfiguration;
			buildSettings = {
				GCC_PRECOMPILE_PREFIX_HEADER = YES;
				GCC_PREFIX_HEADER = "imle/imle-Prefix.pch";
				"GCC_THUMB_SUPPORT[arch=armv6]" = "";
				INFOPLIST_FILE = "imle/imle-Info.plist";
				PRODUCT_NAME = "$(TARGET_NAME)";
				WRAPPER_EXTENSION = app;
			};
			name = Release;
		};
/* End XCBuildConfiguration section */

/* Begin XCConfigurationList section */
		D4467D3815D43E2400E9148D /* Build configuration list for PBXProject "imle" */ = {
			isa = XCConfigurationList;
			buildConfigurations = (
				D4467D6215D43E2400E9148D /* Debug */,
				D4467D6315D43E2400E9148D /* Release */,
			);
			defaultConfigurationIsVisible = 0;
			defaultConfigurationName = Release;
		};
		D4467D6415D43E2400E9148D /* Build configuration list for PBXNativeTarget "imle" */ = {
			isa = XCConfigurationList;
			buildConfigurations = (
				D4467D6515D43E2400E9148D /* Debug */,
				D4467D6615D43E2400E9148D /* Release */,
			);
			defaultConfigurationIsVisible = 0;
			defaultConfigurationName = Release;
		};
/* End XCConfigurationList section */
	};
	rootObject = D4467D3515D43E2400E9148D /* Project object */;
}
